
Microsoft Visual Studio Solution File, Format Version 12.00
# Visual Studio Version 16
VisualStudioVersion = 16.0.30711.63
MinimumVisualStudioVersion = 10.0.40219.1
Project("{FAE04EC0-301F-11D3-BF4B-00C04F79EFBC}") = "Facade_DesignPatterns", "Facade_DesignPatterns\Facade_DesignPatterns.csproj", "{F145A1E5-3CAA-4AC2-A023-40FFC7A1B360}"
EndProject
Global
	GlobalSection(SolutionConfigurationPlatforms) = preSolution
		Debug|Any CPU = Debug|Any CPU
		Release|Any CPU = Release|Any CPU
	EndGlobalSection
	GlobalSection(ProjectConfigurationPlatforms) = postSolution
		{F145A1E5-3CAA-4AC2-A023-40FFC7A1B360}.Debug|Any CPU.ActiveCfg = Debug|Any CPU
		{F145A1E5-3CAA-4AC2-A023-40FFC7A1B360}.Debug|Any CPU.Build.0 = Debug|Any CPU
		{F145A1E5-3CAA-4AC2-A023-40FFC7A1B360}.Release|Any CPU.ActiveCfg = Release|Any CPU
		{F145A1E5-3CAA-4AC2-A023-40FFC7A1B360}.Release|Any CPU.Build.0 = Release|Any CPU
	EndGlobalSection
	GlobalSection(SolutionProperties) = preSolution
		HideSolutionNode = FALSE
	EndGlobalSection
	GlobalSection(ExtensibilityGlobals) = postSolution
		SolutionGuid = {B206158B-09CF-4144-8A27-A0563298575C}
	EndGlobalSection
EndGlobal
