
Microsoft Visual Studio Solution File, Format Version 12.00
# Visual Studio Version 16
VisualStudioVersion = 16.0.30711.63
MinimumVisualStudioVersion = 10.0.40219.1
Project("{FAE04EC0-301F-11D3-BF4B-00C04F79EFBC}") = "Adaptor_DesignPatterns", "Adaptor_DesignPatterns\Adaptor_DesignPatterns.csproj", "{47C692D3-B452-4148-A744-1E76E930DACC}"
EndProject
Global
	GlobalSection(SolutionConfigurationPlatforms) = preSolution
		Debug|Any CPU = Debug|Any CPU
		Release|Any CPU = Release|Any CPU
	EndGlobalSection
	GlobalSection(ProjectConfigurationPlatforms) = postSolution
		{47C692D3-B452-4148-A744-1E76E930DACC}.Debug|Any CPU.ActiveCfg = Debug|Any CPU
		{47C692D3-B452-4148-A744-1E76E930DACC}.Debug|Any CPU.Build.0 = Debug|Any CPU
		{47C692D3-B452-4148-A744-1E76E930DACC}.Release|Any CPU.ActiveCfg = Release|Any CPU
		{47C692D3-B452-4148-A744-1E76E930DACC}.Release|Any CPU.Build.0 = Release|Any CPU
	EndGlobalSection
	GlobalSection(SolutionProperties) = preSolution
		HideSolutionNode = FALSE
	EndGlobalSection
	GlobalSection(ExtensibilityGlobals) = postSolution
		SolutionGuid = {97121634-6DBF-46E4-970A-81BB3D93BED9}
	EndGlobalSection
EndGlobal
